
Microsoft Visual Studio Solution File, Format Version 12.00
# Visual Studio 15
VisualStudioVersion = 15.0.28307.168
MinimumVisualStudioVersion = 10.0.40219.1
Project("{FAE04EC0-301F-11D3-BF4B-00C04F79EFBC}") = "DotNetFramework.CommandLineArgsHelper-Deprecated", "DotNetFramework.CommandLineArgsHelper\DotNetFramework.CommandLineArgsHelper-Deprecated.csproj", "{125B3F5E-117E-4FD8-899C-CB8FD9C1542E}"
EndProject
Project("{FAE04EC0-301F-11D3-BF4B-00C04F79EFBC}") = "CommandLineArgsHelper.ConsoleApp", "CommandLineArgsHelper.ConsoleApp\CommandLineArgsHelper.ConsoleApp.csproj", "{CEA2506A-7C1B-4E90-9E6F-338699DC8494}"
EndProject
Project("{FAE04EC0-301F-11D3-BF4B-00C04F79EFBC}") = "CommandLineArgsHelper", "CommandLineArgsHelper\CommandLineArgsHelper.csproj", "{7F3228F6-8CA0-4085-9604-A6E9355D92DC}"
EndProject
Global
	GlobalSection(SolutionConfigurationPlatforms) = preSolution
		Debug|Any CPU = Debug|Any CPU
		Release|Any CPU = Release|Any CPU
	EndGlobalSection
	GlobalSection(ProjectConfigurationPlatforms) = postSolution
		{125B3F5E-117E-4FD8-899C-CB8FD9C1542E}.Debug|Any CPU.ActiveCfg = Debug|Any CPU
		{125B3F5E-117E-4FD8-899C-CB8FD9C1542E}.Debug|Any CPU.Build.0 = Debug|Any CPU
		{125B3F5E-117E-4FD8-899C-CB8FD9C1542E}.Release|Any CPU.ActiveCfg = Release|Any CPU
		{125B3F5E-117E-4FD8-899C-CB8FD9C1542E}.Release|Any CPU.Build.0 = Release|Any CPU
		{CEA2506A-7C1B-4E90-9E6F-338699DC8494}.Debug|Any CPU.ActiveCfg = Debug|Any CPU
		{CEA2506A-7C1B-4E90-9E6F-338699DC8494}.Debug|Any CPU.Build.0 = Debug|Any CPU
		{CEA2506A-7C1B-4E90-9E6F-338699DC8494}.Release|Any CPU.ActiveCfg = Release|Any CPU
		{CEA2506A-7C1B-4E90-9E6F-338699DC8494}.Release|Any CPU.Build.0 = Release|Any CPU
		{7F3228F6-8CA0-4085-9604-A6E9355D92DC}.Debug|Any CPU.ActiveCfg = Debug|Any CPU
		{7F3228F6-8CA0-4085-9604-A6E9355D92DC}.Debug|Any CPU.Build.0 = Debug|Any CPU
		{7F3228F6-8CA0-4085-9604-A6E9355D92DC}.Release|Any CPU.ActiveCfg = Release|Any CPU
		{7F3228F6-8CA0-4085-9604-A6E9355D92DC}.Release|Any CPU.Build.0 = Release|Any CPU
	EndGlobalSection
	GlobalSection(SolutionProperties) = preSolution
		HideSolutionNode = FALSE
	EndGlobalSection
	GlobalSection(ExtensibilityGlobals) = postSolution
		SolutionGuid = {7A055084-7C59-4255-882A-B6CB707887A5}
	EndGlobalSection
EndGlobal
